
Microsoft Visual Studio Solution File, Format Version 12.00
# Visual Studio Version 17
VisualStudioVersion = 17.0.31903.59
MinimumVisualStudioVersion = 10.0.40219.1
Project("{FAE04EC0-301F-11D3-BF4B-00C04F79EFBC}") = "Test", "Test\Test.csproj", "{D1722EAE-4DEE-4183-B7F4-009C2A10BE90}"
EndProject
Project("{FAE04EC0-301F-11D3-BF4B-00C04F79EFBC}") = "Site", "Site\Site.csproj", "{2F1C20B2-EE9E-45A4-9D1B-E82D8108B616}"
EndProject
Global
	GlobalSection(SolutionConfigurationPlatforms) = preSolution
		Debug|Any CPU = Debug|Any CPU
		Release|Any CPU = Release|Any CPU
	EndGlobalSection
	GlobalSection(SolutionProperties) = preSolution
		HideSolutionNode = FALSE
	EndGlobalSection
	GlobalSection(ProjectConfigurationPlatforms) = postSolution
		{D1722EAE-4DEE-4183-B7F4-009C2A10BE90}.Debug|Any CPU.ActiveCfg = Debug|Any CPU
		{D1722EAE-4DEE-4183-B7F4-009C2A10BE90}.Debug|Any CPU.Build.0 = Debug|Any CPU
		{D1722EAE-4DEE-4183-B7F4-009C2A10BE90}.Release|Any CPU.ActiveCfg = Release|Any CPU
		{D1722EAE-4DEE-4183-B7F4-009C2A10BE90}.Release|Any CPU.Build.0 = Release|Any CPU
		{2F1C20B2-EE9E-45A4-9D1B-E82D8108B616}.Debug|Any CPU.ActiveCfg = Debug|Any CPU
		{2F1C20B2-EE9E-45A4-9D1B-E82D8108B616}.Debug|Any CPU.Build.0 = Debug|Any CPU
		{2F1C20B2-EE9E-45A4-9D1B-E82D8108B616}.Release|Any CPU.ActiveCfg = Release|Any CPU
		{2F1C20B2-EE9E-45A4-9D1B-E82D8108B616}.Release|Any CPU.Build.0 = Release|Any CPU
	EndGlobalSection
EndGlobal
